
Microsoft Visual Studio Solution File, Format Version 12.00
# Visual Studio Version 17
VisualStudioVersion = 17.0.31903.59
MinimumVisualStudioVersion = 10.0.40219.1
Project("{2150E333-8FDC-42A3-9474-1A3956D46DE8}") = "src", "src", "{827E0CD3-B72D-47B6-A68D-7590B98EB39B}"
EndProject
Project("{FAE04EC0-301F-11D3-BF4B-00C04F79EFBC}") = "PLCPak.Core", "src\PLCPak.Core\PLCPak.Core.csproj", "{DC88E8A9-582E-4655-A910-F6975D81E7FD}"
EndProject
Project("{FAE04EC0-301F-11D3-BF4B-00C04F79EFBC}") = "PLCPak.Cli", "src\PLCPak.Cli\PLCPak.Cli.csproj", "{1B4AC873-CE43-41E5-BF54-A92A7789E2D9}"
EndProject
Project("{FAE04EC0-301F-11D3-BF4B-00C04F79EFBC}") = "PLCPak.WinUI", "src\PLCPak.WinUI\PLCPak.WinUI.csproj", "{2C4A7370-05C2-4312-97FB-151A134AAF33}"
EndProject
Project("{FAE04EC0-301F-11D3-BF4B-00C04F79EFBC}") = "PLCPak.Core.Tests", "src\PLCPak.Core.Tests\PLCPak.Core.Tests.csproj", "{A1B2C3D4-E5F6-7890-ABCD-EF1234567890}"
EndProject
Global
	GlobalSection(SolutionConfigurationPlatforms) = preSolution
		Debug|Any CPU = Debug|Any CPU
		Debug|x64 = Debug|x64
		Debug|x86 = Debug|x86
		Release|Any CPU = Release|Any CPU
		Release|x64 = Release|x64
		Release|x86 = Release|x86
	EndGlobalSection
	GlobalSection(ProjectConfigurationPlatforms) = postSolution
		{DC88E8A9-582E-4655-A910-F6975D81E7FD}.Debug|Any CPU.ActiveCfg = Debug|Any CPU
		{DC88E8A9-582E-4655-A910-F6975D81E7FD}.Debug|Any CPU.Build.0 = Debug|Any CPU
		{DC88E8A9-582E-4655-A910-F6975D81E7FD}.Debug|x64.ActiveCfg = Debug|Any CPU
		{DC88E8A9-582E-4655-A910-F6975D81E7FD}.Debug|x64.Build.0 = Debug|Any CPU
		{DC88E8A9-582E-4655-A910-F6975D81E7FD}.Debug|x86.ActiveCfg = Debug|Any CPU
		{DC88E8A9-582E-4655-A910-F6975D81E7FD}.Debug|x86.Build.0 = Debug|Any CPU
		{DC88E8A9-582E-4655-A910-F6975D81E7FD}.Release|Any CPU.ActiveCfg = Release|Any CPU
		{DC88E8A9-582E-4655-A910-F6975D81E7FD}.Release|Any CPU.Build.0 = Release|Any CPU
		{DC88E8A9-582E-4655-A910-F6975D81E7FD}.Release|x64.ActiveCfg = Release|Any CPU
		{DC88E8A9-582E-4655-A910-F6975D81E7FD}.Release|x64.Build.0 = Release|Any CPU
		{DC88E8A9-582E-4655-A910-F6975D81E7FD}.Release|x86.ActiveCfg = Release|Any CPU
		{DC88E8A9-582E-4655-A910-F6975D81E7FD}.Release|x86.Build.0 = Release|Any CPU
		{1B4AC873-CE43-41E5-BF54-A92A7789E2D9}.Debug|Any CPU.ActiveCfg = Debug|Any CPU
		{1B4AC873-CE43-41E5-BF54-A92A7789E2D9}.Debug|Any CPU.Build.0 = Debug|Any CPU
		{1B4AC873-CE43-41E5-BF54-A92A7789E2D9}.Debug|x64.ActiveCfg = Debug|Any CPU
		{1B4AC873-CE43-41E5-BF54-A92A7789E2D9}.Debug|x64.Build.0 = Debug|Any CPU
		{1B4AC873-CE43-41E5-BF54-A92A7789E2D9}.Debug|x86.ActiveCfg = Debug|Any CPU
		{1B4AC873-CE43-41E5-BF54-A92A7789E2D9}.Debug|x86.Build.0 = Debug|Any CPU
		{1B4AC873-CE43-41E5-BF54-A92A7789E2D9}.Release|Any CPU.ActiveCfg = Release|Any CPU
		{1B4AC873-CE43-41E5-BF54-A92A7789E2D9}.Release|Any CPU.Build.0 = Release|Any CPU
		{1B4AC873-CE43-41E5-BF54-A92A7789E2D9}.Release|x64.ActiveCfg = Release|Any CPU
		{1B4AC873-CE43-41E5-BF54-A92A7789E2D9}.Release|x64.Build.0 = Release|Any CPU
		{1B4AC873-CE43-41E5-BF54-A92A7789E2D9}.Release|x86.ActiveCfg = Release|Any CPU
		{1B4AC873-CE43-41E5-BF54-A92A7789E2D9}.Release|x86.Build.0 = Release|Any CPU
		{2C4A7370-05C2-4312-97FB-151A134AAF33}.Debug|Any CPU.ActiveCfg = Debug|x64
		{2C4A7370-05C2-4312-97FB-151A134AAF33}.Debug|Any CPU.Build.0 = Debug|x64
		{2C4A7370-05C2-4312-97FB-151A134AAF33}.Debug|x64.ActiveCfg = Debug|x64
		{2C4A7370-05C2-4312-97FB-151A134AAF33}.Debug|x64.Build.0 = Debug|x64
		{2C4A7370-05C2-4312-97FB-151A134AAF33}.Debug|x86.ActiveCfg = Debug|x64
		{2C4A7370-05C2-4312-97FB-151A134AAF33}.Debug|x86.Build.0 = Debug|x64
		{2C4A7370-05C2-4312-97FB-151A134AAF33}.Release|Any CPU.ActiveCfg = Release|x64
		{2C4A7370-05C2-4312-97FB-151A134AAF33}.Release|Any CPU.Build.0 = Release|x64
		{2C4A7370-05C2-4312-97FB-151A134AAF33}.Release|x64.ActiveCfg = Release|x64
		{2C4A7370-05C2-4312-97FB-151A134AAF33}.Release|x64.Build.0 = Release|x64
		{2C4A7370-05C2-4312-97FB-151A134AAF33}.Release|x86.ActiveCfg = Release|x64
		{2C4A7370-05C2-4312-97FB-151A134AAF33}.Release|x86.Build.0 = Release|x64
		{A1B2C3D4-E5F6-7890-ABCD-EF1234567890}.Debug|Any CPU.ActiveCfg = Debug|Any CPU
		{A1B2C3D4-E5F6-7890-ABCD-EF1234567890}.Debug|Any CPU.Build.0 = Debug|Any CPU
		{A1B2C3D4-E5F6-7890-ABCD-EF1234567890}.Debug|x64.ActiveCfg = Debug|Any CPU
		{A1B2C3D4-E5F6-7890-ABCD-EF1234567890}.Debug|x64.Build.0 = Debug|Any CPU
		{A1B2C3D4-E5F6-7890-ABCD-EF1234567890}.Debug|x86.ActiveCfg = Debug|Any CPU
		{A1B2C3D4-E5F6-7890-ABCD-EF1234567890}.Debug|x86.Build.0 = Debug|Any CPU
		{A1B2C3D4-E5F6-7890-ABCD-EF1234567890}.Release|Any CPU.ActiveCfg = Release|Any CPU
		{A1B2C3D4-E5F6-7890-ABCD-EF1234567890}.Release|Any CPU.Build.0 = Release|Any CPU
		{A1B2C3D4-E5F6-7890-ABCD-EF1234567890}.Release|x64.ActiveCfg = Release|Any CPU
		{A1B2C3D4-E5F6-7890-ABCD-EF1234567890}.Release|x64.Build.0 = Release|Any CPU
		{A1B2C3D4-E5F6-7890-ABCD-EF1234567890}.Release|x86.ActiveCfg = Release|Any CPU
		{A1B2C3D4-E5F6-7890-ABCD-EF1234567890}.Release|x86.Build.0 = Release|Any CPU
	EndGlobalSection
	GlobalSection(SolutionProperties) = preSolution
		HideSolutionNode = FALSE
	EndGlobalSection
	GlobalSection(NestedProjects) = preSolution
		{DC88E8A9-582E-4655-A910-F6975D81E7FD} = {827E0CD3-B72D-47B6-A68D-7590B98EB39B}
		{1B4AC873-CE43-41E5-BF54-A92A7789E2D9} = {827E0CD3-B72D-47B6-A68D-7590B98EB39B}
		{2C4A7370-05C2-4312-97FB-151A134AAF33} = {827E0CD3-B72D-47B6-A68D-7590B98EB39B}
		{A1B2C3D4-E5F6-7890-ABCD-EF1234567890} = {827E0CD3-B72D-47B6-A68D-7590B98EB39B}
	EndGlobalSection
EndGlobal
